{
  "version": 4,
  "terraform_version": "1.15.5",
  "serial": 7,
  "lineage": "35f3fa89-459f-58d6-469b-c8ca101e4160",
  "outputs": {},
  "resources": [
    {
      "mode": "managed",
      "type": "yandex_compute_instance",
      "name": "web1",
      "provider": "provider[\"registry.terraform.io/yandex-cloud/yandex\"]",
      "instances": [
        {
          "schema_version": 1,
          "attributes": {
            "allow_recreate": null,
            "allow_stopping_for_update": null,
            "boot_disk": [
              {
                "auto_delete": true,
                "device_name": "fhm87hh53h2tfs63qp1f",
                "disk_id": "fhm87hh53h2tfs63qp1f",
                "initialize_params": [
                  {
                    "block_size": 4096,
                    "description": "",
                    "image_id": "fd82mpu302omjlftrpsn",
                    "kms_key_id": "",
                    "name": "",
                    "size": 5,
                    "snapshot_id": "",
                    "type": "network-hdd"
                  }
                ],
                "mode": "READ_WRITE"
              }
            ],
            "created_at": "2026-05-30T17:22:01Z",
            "description": "",
            "filesystem": [],
            "folder_id": "b1g5su3bta8v3nk9aosu",
            "fqdn": "fhmpf06dt3ivj55gjn2h.auto.internal",
            "gpu_cluster_id": "",
            "hardware_generation": [
              {
                "generation2_features": [],
                "legacy_features": [
                  {
                    "pci_topology": "PCI_TOPOLOGY_V2"
                  }
                ]
              }
            ],
            "hostname": "",
            "id": "fhmpf06dt3ivj55gjn2h",
            "labels": {},
            "local_disk": [],
            "maintenance_grace_period": "",
            "maintenance_policy": null,
            "metadata": {
              "ssh-keys": "ubuntu:ssh-rsa AAAAB3NzaC1yc2EAAAADAQABAAACAQC7ZqRoBNT2At47ko6HSwvFyhDVYtOZe848SsvPgE471bq55Hj5r08lMIbyeu3l92R5F/x8jqEnZ2k8jWYWr3WPqMoTnI/PKhP49wG0a5OAVEzzHZhmaYQTGCgOq8Mn7ZtgdU4pnJjg0z5kAH2qLxE2aH18IqmsjbMazjwfRU+g6D/4ottbOjjsU5fPHoTnz4+v5t8+xmv9Iwch/Gu/nEsrK5vxUzPpuag5rNSJCrMYdP0i06n4TzHQ8JCok1AgFuq+hc8traWTp1lQpjU0vWv38/VoXrXbWQe6DduXDJL53sKRY/cmf6J7lM8h5RRvLWv/uAWjr53YxfpEQk4NN4LFFiePCunbr4AO5C8e7Hn3Ls/y1N7iAzweRK3ChcMfCNHX07XEC3M/TDX00Frpm35pthA0TBk0q8npiEjPjtRFcDVwNS0UOz0o/IRv5nH+Wc5tL67cqmzGDZS56bYDz1NTgJuJsCpCpI3Lt5OZmzmsIj7dMQFiSgXhyQK1jV4DT1PD1uSuoZdEo6YfSu9JuXO9YbzhLg4WAnYvyo4fk9slpy+DtN8SwcY/HRk8OZsiMXKtoOJq2VfHodMTqWXU6Gas3DyF/xj2SBlAAODa1Fq28UCQPJGGuB1VR26It9mX+ORbCApLFOCiDpwym12dFOKvHu9bAVy+yZmoG5Nj2wO6qw== eru@AlexandraMac.local\n"
            },
            "metadata_options": [
              {
                "aws_v1_http_endpoint": 1,
                "aws_v1_http_token": 2,
                "aws_v2_http_endpoint": 1,
                "aws_v2_http_token": 1,
                "gce_http_endpoint": 1,
                "gce_http_token": 1
              }
            ],
            "name": "web-1",
            "network_acceleration_type": "standard",
            "network_interface": [
              {
                "dns_record": [],
                "index": 0,
                "ip_address": "10.0.1.25",
                "ipv4": true,
                "ipv6": false,
                "ipv6_address": "",
                "ipv6_dns_record": [],
                "mac_address": "d0:0d:19:78:0c:de",
                "nat": true,
                "nat_dns_record": [],
                "nat_ip_address": "93.77.181.149",
                "nat_ip_version": "IPV4",
                "security_group_ids": [],
                "subnet_id": "e9bpf91va2tb8red5dk4"
              }
            ],
            "placement_policy": [
              {
                "host_affinity_rules": [],
                "placement_group_id": "",
                "placement_group_partition": 0
              }
            ],
            "platform_id": "standard-v1",
            "resources": [
              {
                "core_fraction": 100,
                "cores": 2,
                "gpus": 0,
                "memory": 2
              }
            ],
            "scheduling_policy": [
              {
                "preemptible": false
              }
            ],
            "secondary_disk": [],
            "service_account_id": "",
            "status": "running",
            "timeouts": null,
            "zone": "ru-central1-a"
          },
          "sensitive_attributes": [],
          "identity_schema_version": 0,
          "private": "eyJlMmJmYjczMC1lY2FhLTExZTYtOGY4OC0zNDM2M2JjN2M0YzAiOnsiY3JlYXRlIjozMDAwMDAwMDAwMDAsImRlbGV0ZSI6MzAwMDAwMDAwMDAwLCJ1cGRhdGUiOjMwMDAwMDAwMDAwMH0sInNjaGVtYV92ZXJzaW9uIjoiMSJ9",
          "dependencies": [
            "yandex_vpc_network.network",
            "yandex_vpc_subnet.subnet"
          ]
        }
      ]
    },
    {
      "mode": "managed",
      "type": "yandex_compute_instance",
      "name": "web2",
      "provider": "provider[\"registry.terraform.io/yandex-cloud/yandex\"]",
      "instances": [
        {
          "schema_version": 1,
          "attributes": {
            "allow_recreate": null,
            "allow_stopping_for_update": null,
            "boot_disk": [
              {
                "auto_delete": true,
                "device_name": "fhm52gj0u1inn2pfft7m",
                "disk_id": "fhm52gj0u1inn2pfft7m",
                "initialize_params": [
                  {
                    "block_size": 4096,
                    "description": "",
                    "image_id": "fd82mpu302omjlftrpsn",
                    "kms_key_id": "",
                    "name": "",
                    "size": 5,
                    "snapshot_id": "",
                    "type": "network-hdd"
                  }
                ],
                "mode": "READ_WRITE"
              }
            ],
            "created_at": "2026-05-30T17:22:01Z",
            "description": "",
            "filesystem": [],
            "folder_id": "b1g5su3bta8v3nk9aosu",
            "fqdn": "fhmnapbbtahfpo0ejv3n.auto.internal",
            "gpu_cluster_id": "",
            "hardware_generation": [
              {
                "generation2_features": [],
                "legacy_features": [
                  {
                    "pci_topology": "PCI_TOPOLOGY_V2"
                  }
                ]
              }
            ],
            "hostname": "",
            "id": "fhmnapbbtahfpo0ejv3n",
            "labels": {},
            "local_disk": [],
            "maintenance_grace_period": "",
            "maintenance_policy": null,
            "metadata": {
              "ssh-keys": "ubuntu:ssh-rsa AAAAB3NzaC1yc2EAAAADAQABAAACAQC7ZqRoBNT2At47ko6HSwvFyhDVYtOZe848SsvPgE471bq55Hj5r08lMIbyeu3l92R5F/x8jqEnZ2k8jWYWr3WPqMoTnI/PKhP49wG0a5OAVEzzHZhmaYQTGCgOq8Mn7ZtgdU4pnJjg0z5kAH2qLxE2aH18IqmsjbMazjwfRU+g6D/4ottbOjjsU5fPHoTnz4+v5t8+xmv9Iwch/Gu/nEsrK5vxUzPpuag5rNSJCrMYdP0i06n4TzHQ8JCok1AgFuq+hc8traWTp1lQpjU0vWv38/VoXrXbWQe6DduXDJL53sKRY/cmf6J7lM8h5RRvLWv/uAWjr53YxfpEQk4NN4LFFiePCunbr4AO5C8e7Hn3Ls/y1N7iAzweRK3ChcMfCNHX07XEC3M/TDX00Frpm35pthA0TBk0q8npiEjPjtRFcDVwNS0UOz0o/IRv5nH+Wc5tL67cqmzGDZS56bYDz1NTgJuJsCpCpI3Lt5OZmzmsIj7dMQFiSgXhyQK1jV4DT1PD1uSuoZdEo6YfSu9JuXO9YbzhLg4WAnYvyo4fk9slpy+DtN8SwcY/HRk8OZsiMXKtoOJq2VfHodMTqWXU6Gas3DyF/xj2SBlAAODa1Fq28UCQPJGGuB1VR26It9mX+ORbCApLFOCiDpwym12dFOKvHu9bAVy+yZmoG5Nj2wO6qw== eru@AlexandraMac.local\n"
            },
            "metadata_options": [
              {
                "aws_v1_http_endpoint": 1,
                "aws_v1_http_token": 2,
                "aws_v2_http_endpoint": 1,
                "aws_v2_http_token": 1,
                "gce_http_endpoint": 1,
                "gce_http_token": 1
              }
            ],
            "name": "web-2",
            "network_acceleration_type": "standard",
            "network_interface": [
              {
                "dns_record": [],
                "index": 0,
                "ip_address": "10.0.1.14",
                "ipv4": true,
                "ipv6": false,
                "ipv6_address": "",
                "ipv6_dns_record": [],
                "mac_address": "d0:0d:17:56:56:be",
                "nat": true,
                "nat_dns_record": [],
                "nat_ip_address": "93.77.186.147",
                "nat_ip_version": "IPV4",
                "security_group_ids": [],
                "subnet_id": "e9bpf91va2tb8red5dk4"
              }
            ],
            "placement_policy": [
              {
                "host_affinity_rules": [],
                "placement_group_id": "",
                "placement_group_partition": 0
              }
            ],
            "platform_id": "standard-v1",
            "resources": [
              {
                "core_fraction": 100,
                "cores": 2,
                "gpus": 0,
                "memory": 2
              }
            ],
            "scheduling_policy": [
              {
                "preemptible": false
              }
            ],
            "secondary_disk": [],
            "service_account_id": "",
            "status": "running",
            "timeouts": null,
            "zone": "ru-central1-a"
          },
          "sensitive_attributes": [],
          "identity_schema_version": 0,
          "private": "eyJlMmJmYjczMC1lY2FhLTExZTYtOGY4OC0zNDM2M2JjN2M0YzAiOnsiY3JlYXRlIjozMDAwMDAwMDAwMDAsImRlbGV0ZSI6MzAwMDAwMDAwMDAwLCJ1cGRhdGUiOjMwMDAwMDAwMDAwMH0sInNjaGVtYV92ZXJzaW9uIjoiMSJ9",
          "dependencies": [
            "yandex_vpc_network.network",
            "yandex_vpc_subnet.subnet"
          ]
        }
      ]
    },
    {
      "mode": "managed",
      "type": "yandex_lb_network_load_balancer",
      "name": "lb",
      "provider": "provider[\"registry.terraform.io/yandex-cloud/yandex\"]",
      "instances": [
        {
          "schema_version": 0,
          "attributes": {
            "allow_zonal_shift": false,
            "attached_target_group": [
              {
                "healthcheck": [
                  {
                    "healthy_threshold": 2,
                    "http_options": [
                      {
                        "path": "/",
                        "port": 80
                      }
                    ],
                    "interval": 2,
                    "name": "http",
                    "tcp_options": [],
                    "timeout": 1,
                    "unhealthy_threshold": 2
                  }
                ],
                "target_group_id": "enpv3a632c1e3bo1n0c4"
              }
            ],
            "created_at": "2026-05-30T17:29:01Z",
            "deletion_protection": false,
            "description": "",
            "folder_id": "b1g5su3bta8v3nk9aosu",
            "id": "enpbru70kg36hn6ovsg9",
            "labels": null,
            "listener": [
              {
                "external_address_spec": [
                  {
                    "address": "158.160.211.249",
                    "ip_version": "ipv4"
                  }
                ],
                "internal_address_spec": [],
                "name": "app-listener",
                "port": 80,
                "protocol": "tcp",
                "target_port": 80
              }
            ],
            "name": "app-lb",
            "region_id": "ru-central1",
            "timeouts": null,
            "type": "external"
          },
          "sensitive_attributes": [],
          "identity_schema_version": 0,
          "private": "eyJlMmJmYjczMC1lY2FhLTExZTYtOGY4OC0zNDM2M2JjN2M0YzAiOnsiY3JlYXRlIjozMDAwMDAwMDAwMDAsImRlbGV0ZSI6MzAwMDAwMDAwMDAwLCJ1cGRhdGUiOjMwMDAwMDAwMDAwMH19",
          "dependencies": [
            "yandex_compute_instance.web1",
            "yandex_compute_instance.web2",
            "yandex_lb_target_group.tg",
            "yandex_vpc_network.network",
            "yandex_vpc_subnet.subnet"
          ]
        }
      ]
    },
    {
      "mode": "managed",
      "type": "yandex_lb_target_group",
      "name": "tg",
      "provider": "provider[\"registry.terraform.io/yandex-cloud/yandex\"]",
      "instances": [
        {
          "schema_version": 1,
          "attributes": {
            "created_at": "2026-05-30T17:28:58Z",
            "description": "",
            "folder_id": "b1g5su3bta8v3nk9aosu",
            "id": "enpv3a632c1e3bo1n0c4",
            "labels": null,
            "name": "app-tg",
            "region_id": "ru-central1",
            "target": [
              {
                "address": "10.0.1.14",
                "subnet_id": "e9bpf91va2tb8red5dk4"
              },
              {
                "address": "10.0.1.25",
                "subnet_id": "e9bpf91va2tb8red5dk4"
              }
            ],
            "target_group_id": "enpv3a632c1e3bo1n0c4",
            "timeouts": null
          },
          "sensitive_attributes": [],
          "identity_schema_version": 0,
          "dependencies": [
            "yandex_compute_instance.web1",
            "yandex_compute_instance.web2",
            "yandex_vpc_network.network",
            "yandex_vpc_subnet.subnet"
          ]
        }
      ]
    },
    {
      "mode": "managed",
      "type": "yandex_mdb_postgresql_cluster",
      "name": "db",
      "provider": "provider[\"registry.terraform.io/yandex-cloud/yandex\"]",
      "instances": []
    },
    {
      "mode": "managed",
      "type": "yandex_vpc_network",
      "name": "network",
      "provider": "provider[\"registry.terraform.io/yandex-cloud/yandex\"]",
      "instances": [
        {
          "schema_version": 0,
          "attributes": {
            "created_at": "2026-05-30T17:21:57Z",
            "default_security_group_id": "enpbi86q5e7lajecj4jp",
            "description": "",
            "folder_id": "b1g5su3bta8v3nk9aosu",
            "id": "enpsf0bf7vt051k9s37b",
            "labels": {},
            "name": "app-network",
            "subnet_ids": [
              "e9bpf91va2tb8red5dk4"
            ],
            "timeouts": null
          },
          "sensitive_attributes": [],
          "identity_schema_version": 0,
          "private": "eyJlMmJmYjczMC1lY2FhLTExZTYtOGY4OC0zNDM2M2JjN2M0YzAiOnsiY3JlYXRlIjo2MDAwMDAwMDAwMCwiZGVsZXRlIjo2MDAwMDAwMDAwMCwidXBkYXRlIjo2MDAwMDAwMDAwMH19"
        }
      ]
    },
    {
      "mode": "managed",
      "type": "yandex_vpc_subnet",
      "name": "subnet",
      "provider": "provider[\"registry.terraform.io/yandex-cloud/yandex\"]",
      "instances": [
        {
          "schema_version": 0,
          "attributes": {
            "created_at": "2026-05-30T17:21:59Z",
            "description": "",
            "dhcp_options": [],
            "folder_id": "b1g5su3bta8v3nk9aosu",
            "id": "e9bpf91va2tb8red5dk4",
            "labels": {},
            "name": "app-subnet",
            "network_id": "enpsf0bf7vt051k9s37b",
            "route_table_id": "",
            "timeouts": null,
            "v4_cidr_blocks": [
              "10.0.1.0/24"
            ],
            "v6_cidr_blocks": [],
            "zone": "ru-central1-a"
          },
          "sensitive_attributes": [],
          "identity_schema_version": 0,
          "private": "eyJlMmJmYjczMC1lY2FhLTExZTYtOGY4OC0zNDM2M2JjN2M0YzAiOnsiY3JlYXRlIjoxODAwMDAwMDAwMDAsImRlbGV0ZSI6MTgwMDAwMDAwMDAwLCJ1cGRhdGUiOjE4MDAwMDAwMDAwMH19",
          "dependencies": [
            "yandex_vpc_network.network"
          ]
        }
      ]
    }
  ],
  "check_results": null
}
